
Microsoft Visual Studio Solution File, Format Version 11.00
# Visual Studio 2010
Project("{FAE04EC0-301F-11D3-BF4B-00C04F79EFBC}") = "Capa_presentacion", "Capa_presentacion\Capa_presentacion.csproj", "{28F9D5DE-2AFA-4A46-B568-B14D9B65FDD0}"
EndProject
Project("{FAE04EC0-301F-11D3-BF4B-00C04F79EFBC}") = "CapaDatos", "CapaDatos\CapaDatos.csproj", "{E2DBA33B-92C9-469C-A697-8D4D8E732847}"
EndProject
Project("{FAE04EC0-301F-11D3-BF4B-00C04F79EFBC}") = "CapaEntidad", "CapaEntidad\CapaEntidad.csproj", "{FFC076AC-9552-4249-9E87-58E7919F7667}"
EndProject
Project("{FAE04EC0-301F-11D3-BF4B-00C04F79EFBC}") = "CapaNegocio", "CapaNegocio\CapaNegocio.csproj", "{91131490-6E51-476F-A360-98E7D4128117}"
EndProject
Global
	GlobalSection(SolutionConfigurationPlatforms) = preSolution
		Debug|Any CPU = Debug|Any CPU
		Debug|Mixed Platforms = Debug|Mixed Platforms
		Debug|x86 = Debug|x86
		Release|Any CPU = Release|Any CPU
		Release|Mixed Platforms = Release|Mixed Platforms
		Release|x86 = Release|x86
	EndGlobalSection
	GlobalSection(ProjectConfigurationPlatforms) = postSolution
		{28F9D5DE-2AFA-4A46-B568-B14D9B65FDD0}.Debug|Any CPU.ActiveCfg = Debug|x86
		{28F9D5DE-2AFA-4A46-B568-B14D9B65FDD0}.Debug|Mixed Platforms.ActiveCfg = Debug|x86
		{28F9D5DE-2AFA-4A46-B568-B14D9B65FDD0}.Debug|Mixed Platforms.Build.0 = Debug|x86
		{28F9D5DE-2AFA-4A46-B568-B14D9B65FDD0}.Debug|x86.ActiveCfg = Debug|x86
		{28F9D5DE-2AFA-4A46-B568-B14D9B65FDD0}.Debug|x86.Build.0 = Debug|x86
		{28F9D5DE-2AFA-4A46-B568-B14D9B65FDD0}.Release|Any CPU.ActiveCfg = Release|x86
		{28F9D5DE-2AFA-4A46-B568-B14D9B65FDD0}.Release|Mixed Platforms.ActiveCfg = Release|x86
		{28F9D5DE-2AFA-4A46-B568-B14D9B65FDD0}.Release|Mixed Platforms.Build.0 = Release|x86
		{28F9D5DE-2AFA-4A46-B568-B14D9B65FDD0}.Release|x86.ActiveCfg = Release|x86
		{28F9D5DE-2AFA-4A46-B568-B14D9B65FDD0}.Release|x86.Build.0 = Release|x86
		{E2DBA33B-92C9-469C-A697-8D4D8E732847}.Debug|Any CPU.ActiveCfg = Debug|Any CPU
		{E2DBA33B-92C9-469C-A697-8D4D8E732847}.Debug|Any CPU.Build.0 = Debug|Any CPU
		{E2DBA33B-92C9-469C-A697-8D4D8E732847}.Debug|Mixed Platforms.ActiveCfg = Debug|Any CPU
		{E2DBA33B-92C9-469C-A697-8D4D8E732847}.Debug|Mixed Platforms.Build.0 = Debug|Any CPU
		{E2DBA33B-92C9-469C-A697-8D4D8E732847}.Debug|x86.ActiveCfg = Debug|Any CPU
		{E2DBA33B-92C9-469C-A697-8D4D8E732847}.Release|Any CPU.ActiveCfg = Release|Any CPU
		{E2DBA33B-92C9-469C-A697-8D4D8E732847}.Release|Any CPU.Build.0 = Release|Any CPU
		{E2DBA33B-92C9-469C-A697-8D4D8E732847}.Release|Mixed Platforms.ActiveCfg = Release|Any CPU
		{E2DBA33B-92C9-469C-A697-8D4D8E732847}.Release|Mixed Platforms.Build.0 = Release|Any CPU
		{E2DBA33B-92C9-469C-A697-8D4D8E732847}.Release|x86.ActiveCfg = Release|Any CPU
		{FFC076AC-9552-4249-9E87-58E7919F7667}.Debug|Any CPU.ActiveCfg = Debug|Any CPU
		{FFC076AC-9552-4249-9E87-58E7919F7667}.Debug|Any CPU.Build.0 = Debug|Any CPU
		{FFC076AC-9552-4249-9E87-58E7919F7667}.Debug|Mixed Platforms.ActiveCfg = Debug|Any CPU
		{FFC076AC-9552-4249-9E87-58E7919F7667}.Debug|Mixed Platforms.Build.0 = Debug|Any CPU
		{FFC076AC-9552-4249-9E87-58E7919F7667}.Debug|x86.ActiveCfg = Debug|Any CPU
		{FFC076AC-9552-4249-9E87-58E7919F7667}.Release|Any CPU.ActiveCfg = Release|Any CPU
		{FFC076AC-9552-4249-9E87-58E7919F7667}.Release|Any CPU.Build.0 = Release|Any CPU
		{FFC076AC-9552-4249-9E87-58E7919F7667}.Release|Mixed Platforms.ActiveCfg = Release|Any CPU
		{FFC076AC-9552-4249-9E87-58E7919F7667}.Release|Mixed Platforms.Build.0 = Release|Any CPU
		{FFC076AC-9552-4249-9E87-58E7919F7667}.Release|x86.ActiveCfg = Release|Any CPU
		{91131490-6E51-476F-A360-98E7D4128117}.Debug|Any CPU.ActiveCfg = Debug|Any CPU
		{91131490-6E51-476F-A360-98E7D4128117}.Debug|Any CPU.Build.0 = Debug|Any CPU
		{91131490-6E51-476F-A360-98E7D4128117}.Debug|Mixed Platforms.ActiveCfg = Debug|Any CPU
		{91131490-6E51-476F-A360-98E7D4128117}.Debug|Mixed Platforms.Build.0 = Debug|Any CPU
		{91131490-6E51-476F-A360-98E7D4128117}.Debug|x86.ActiveCfg = Debug|Any CPU
		{91131490-6E51-476F-A360-98E7D4128117}.Release|Any CPU.ActiveCfg = Release|Any CPU
		{91131490-6E51-476F-A360-98E7D4128117}.Release|Any CPU.Build.0 = Release|Any CPU
		{91131490-6E51-476F-A360-98E7D4128117}.Release|Mixed Platforms.ActiveCfg = Release|Any CPU
		{91131490-6E51-476F-A360-98E7D4128117}.Release|Mixed Platforms.Build.0 = Release|Any CPU
		{91131490-6E51-476F-A360-98E7D4128117}.Release|x86.ActiveCfg = Release|Any CPU
	EndGlobalSection
	GlobalSection(SolutionProperties) = preSolution
		HideSolutionNode = FALSE
	EndGlobalSection
EndGlobal
